
Microsoft Visual Studio Solution File, Format Version 12.00
# Visual Studio 15
VisualStudioVersion = 15.0.28307.779
MinimumVisualStudioVersion = 10.0.40219.1
Project("{FAE04EC0-301F-11D3-BF4B-00C04F79EFBC}") = "ConvertMhtToWord", "ConvertMhtToWord\ConvertMhtToWord.csproj", "{3695358D-898C-42CD-BD3E-65E8FEBB2349}"
EndProject
Global
	GlobalSection(SolutionConfigurationPlatforms) = preSolution
		Debug|Any CPU = Debug|Any CPU
		Release|Any CPU = Release|Any CPU
	EndGlobalSection
	GlobalSection(ProjectConfigurationPlatforms) = postSolution
		{3695358D-898C-42CD-BD3E-65E8FEBB2349}.Debug|Any CPU.ActiveCfg = Debug|Any CPU
		{3695358D-898C-42CD-BD3E-65E8FEBB2349}.Debug|Any CPU.Build.0 = Debug|Any CPU
		{3695358D-898C-42CD-BD3E-65E8FEBB2349}.Release|Any CPU.ActiveCfg = Release|Any CPU
		{3695358D-898C-42CD-BD3E-65E8FEBB2349}.Release|Any CPU.Build.0 = Release|Any CPU
	EndGlobalSection
	GlobalSection(SolutionProperties) = preSolution
		HideSolutionNode = FALSE
	EndGlobalSection
	GlobalSection(ExtensibilityGlobals) = postSolution
		SolutionGuid = {EA1EEC3B-5614-4F5A-8941-345F09F20000}
	EndGlobalSection
EndGlobal
